github.com/yolandesmita/module v1.0.0 h1:xN318PmuSRy2Qi85ldfSH+eMnG+NG+Ltk0JmpgJKgM8=
github.com/yolandesmita/module v1.0.0/go.mod h1:MZGizwj07sYkgZBAJCbDuWQq46+v9szu84r9c4ZPapI=
github.com/yolandesmita/module v1.0.2 h1:i8bGYNF2981QWwxBvFVBSJ7jNYHy7grKZAXMejPRwjk=
github.com/yolandesmita/module v1.0.2/go.mod h1:MZGizwj07sYkgZBAJCbDuWQq46+v9szu84r9c4ZPapI=
github.com/yolandesmita/module v1.0.3 h1:mZB96f4WTCt/7bEl1qZy3Jbt2CaiQ8vV0bKJlis0yUI=
github.com/yolandesmita/module v1.0.3/go.mod h1:MZGizwj07sYkgZBAJCbDuWQq46+v9szu84r9c4ZPapI=
github.com/yolandesmita/module v1.0.4 h1:7iVLPbFg4zaea3BCtAEA/8tqH3E7cP1bWzFX6b5HtAk=
github.com/yolandesmita/module v1.0.4/go.mod h1:MZGizwj07sYkgZBAJCbDuWQq46+v9szu84r9c4ZPapI=
github.com/yolandesmita/module v1.0.7 h1:9pCLfHuHBbFRmWlugQCbSjdBa0iD3icHCKZU7KiXej4=
github.com/yolandesmita/module v1.0.7/go.mod h1:MZGizwj07sYkgZBAJCbDuWQq46+v9szu84r9c4ZPapI=
github.com/yolandesmita/module v1.1.1 h1:eXD3VeaJdREYTx4ZTh2PcCYx2dAseNKXeOhMrRM+PA8=
github.com/yolandesmita/module v1.1.1/go.mod h1:MZGizwj07sYkgZBAJCbDuWQq46+v9szu84r9c4ZPapI=
github.com/yolandesmita/module v1.1.3 h1:24y0qES9yYbuLPQjGhb5DLa0+hk+j2HrnqTucYclSjs=
github.com/yolandesmita/module v1.1.3/go.mod h1:MZGizwj07sYkgZBAJCbDuWQq46+v9szu84r9c4ZPapI=
github.com/yolandesmita/module v1.1.5 h1:+yWuPR3pRIyXAo5a0AkUj2Y1X1OVuidteXJNIwJY2fY=
github.com/yolandesmita/module v1.1.5/go.mod h1:MZGizwj07sYkgZBAJCbDuWQq46+v9szu84r9c4ZPapI=
github.com/yolandesmita/module v1.1.7 h1:93dbJy1UvZg2WWlnCIfBkMD6FTUWWuF0DUPrDNthOgs=
github.com/yolandesmita/module v1.1.7/go.mod h1:MZGizwj07sYkgZBAJCbDuWQq46+v9szu84r9c4ZPapI=
github.com/yolandesmita/module v1.2.0 h1:pjOlSaU1rZbgj0wfnEICOn03CVYnkQFwWNeEjubDUUU=
github.com/yolandesmita/module v1.2.0/go.mod h1:MZGizwj07sYkgZBAJCbDuWQq46+v9szu84r9c4ZPapI=
github.com/yolandesmita/module v1.2.1 h1:sVSDC+p2hdJ3UPYtHc78MaVWUSPQrXvzuJaz5X/Lnt4=
github.com/yolandesmita/module v1.2.1/go.mod h1:MZGizwj07sYkgZBAJCbDuWQq46+v9szu84r9c4ZPapI=
github.com/yolandesmita/module v1.2.2 h1:ydOFU5jav52g3DTsEI85Nu+pq13aWK+erWzQFZZ7h0E=
github.com/yolandesmita/module v1.2.2/go.mod h1:MZGizwj07sYkgZBAJCbDuWQq46+v9szu84r9c4ZPapI=
github.com/yolandesmita/module v1.2.5 h1:cxmQhafjnMYBAOtmlo5//tA+tP37v4UizYyFsSUFo3U=
github.com/yolandesmita/module v1.2.5/go.mod h1:MZGizwj07sYkgZBAJCbDuWQq46+v9szu84r9c4ZPapI=
github.com/yolandesmita/module v1.2.6 h1:98acpPlI5KV2pC/NveVAdho+htahwrqZTlx2Gn2GHt0=
github.com/yolandesmita/module v1.2.6/go.mod h1:MZGizwj07sYkgZBAJCbDuWQq46+v9szu84r9c4ZPapI=
github.com/yolandesmita/module v1.3.0 h1:hFKZ1LT/XNy59LDfBaNnovIRXQpWXwCwWAhiePBR2CA=
github.com/yolandesmita/module v1.3.0/go.mod h1:MZGizwj07sYkgZBAJCbDuWQq46+v9szu84r9c4ZPapI=
github.com/yolandesmita/module v1.3.2 h1:nnvZcKMqbs1JM6z337Y3KodFETDGfelpaoJtYNxHtQo=
github.com/yolandesmita/module v1.3.2/go.mod h1:MZGizwj07sYkgZBAJCbDuWQq46+v9szu84r9c4ZPapI=
github.com/yolandesmita/module v1.3.4 h1:0e6y8F1gqoDseJpQdPtsb7HprpRZVhfHPXLyAoJFE70=
github.com/yolandesmita/module v1.3.4/go.mod h1:MZGizwj07sYkgZBAJCbDuWQq46+v9szu84r9c4ZPapI=
github.com/yolandesmita/module v1.3.6 h1:gksRSoMSfSOL+TKlvTaRKWBlsdCjVV3+v3sXCm2RJZI=
github.com/yolandesmita/module v1.3.6/go.mod h1:MZGizwj07sYkgZBAJCbDuWQq46+v9szu84r9c4ZPapI=
github.com/yolandesmita/module v1.3.7 h1:1x0oXxSOI64kVaKogQL/RISbsuVnC8VqS6CTJ60zyNk=
github.com/yolandesmita/module v1.3.7/go.mod h1:MZGizwj07sYkgZBAJCbDuWQq46+v9szu84r9c4ZPapI=
github.com/yolandesmita/module v1.3.8 h1:vtA3Sc9mcOUax1inN6M53PT1lJerJrlO16m6q3crZ50=
github.com/yolandesmita/module v1.3.8/go.mod h1:MZGizwj07sYkgZBAJCbDuWQq46+v9szu84r9c4ZPapI=
